// !$*UTF8*$!
{
	archiveVersion = 1;
	classes = {
	};
	objectVersion = 46;
	objects = {

/* Begin PBXBuildFile section */
		F7D94B8519B94EC800538CC7 /* AppDelegate.swift in Sources */ = {isa = PBXBuildFile; fileRef = F7D94B8419B94EC800538CC7 /* AppDelegate.swift */; };
		F7D94B8719B94EC800538CC7 /* MYViewController.swift in Sources */ = {isa = PBXBuildFile; fileRef = F7D94B8619B94EC800538CC7 /* MYViewController.swift */; };
		F7D94B8A19B94EC800538CC7 /* Main.storyboard in Resources */ = {isa = PBXBuildFile; fileRef = F7D94B8819B94EC800538CC7 /* Main.storyboard */; };
		F7D94B8C19B94EC800538CC7 /* Images.xcassets in Resources */ = {isa = PBXBuildFile; fileRef = F7D94B8B19B94EC800538CC7 /* Images.xcassets */; };
		F7D94B9819B94EC800538CC7 /* UITableViewRowActionStudyTests.swift in Sources */ = {isa = PBXBuildFile; fileRef = F7D94B9719B94EC800538CC7 /* UITableViewRowActionStudyTests.swift */; };
		F7D94BA219B9519F00538CC7 /* MYTableViewCell.swift in Sources */ = {isa = PBXBuildFile; fileRef = F7D94BA119B9519F00538CC7 /* MYTableViewCell.swift */; };
/* End PBXBuildFile section */

/* Begin PBXContainerItemProxy section */
		F7D94B9219B94EC800538CC7 /* PBXContainerItemProxy */ = {
			isa = PBXContainerItemProxy;
			containerPortal = F7D94B7719B94EC800538CC7 /* Project object */;
			proxyType = 1;
			remoteGlobalIDString = F7D94B7E19B94EC800538CC7;
			remoteInfo = UITableViewRowActionStudy;
		};
/* End PBXContainerItemProxy section */

/* Begin PBXFileReference section */
		F7D94B7F19B94EC800538CC7 /* UITableViewRowActionStudy.app */ = {isa = PBXFileReference; explicitFileType = wrapper.application; includeInIndex = 0; path = UITableViewRowActionStudy.app; sourceTree = BUILT_PRODUCTS_DIR; };
		F7D94B8319B94EC800538CC7 /* Info.plist */ = {isa = PBXFileReference; lastKnownFileType = text.plist.xml; path = Info.plist; sourceTree = "<group>"; };
		F7D94B8419B94EC800538CC7 /* AppDelegate.swift */ = {isa = PBXFileReference; lastKnownFileType = sourcecode.swift; path = AppDelegate.swift; sourceTree = "<group>"; };
		F7D94B8619B94EC800538CC7 /* MYViewController.swift */ = {isa = PBXFileReference; lastKnownFileType = sourcecode.swift; path = MYViewController.swift; sourceTree = "<group>"; };
		F7D94B8919B94EC800538CC7 /* Base */ = {isa = PBXFileReference; lastKnownFileType = file.storyboard; name = Base; path = Base.lproj/Main.storyboard; sourceTree = "<group>"; };
		F7D94B8B19B94EC800538CC7 /* Images.xcassets */ = {isa = PBXFileReference; lastKnownFileType = folder.assetcatalog; path = Images.xcassets; sourceTree = "<group>"; };
		F7D94B9119B94EC800538CC7 /* UITableViewRowActionStudyTests.xctest */ = {isa = PBXFileReference; explicitFileType = wrapper.cfbundle; includeInIndex = 0; path = UITableViewRowActionStudyTests.xctest; sourceTree = BUILT_PRODUCTS_DIR; };
		F7D94B9619B94EC800538CC7 /* Info.plist */ = {isa = PBXFileReference; lastKnownFileType = text.plist.xml; path = Info.plist; sourceTree = "<group>"; };
		F7D94B9719B94EC800538CC7 /* UITableViewRowActionStudyTests.swift */ = {isa = PBXFileReference; lastKnownFileType = sourcecode.swift; path = UITableViewRowActionStudyTests.swift; sourceTree = "<group>"; };
		F7D94BA119B9519F00538CC7 /* MYTableViewCell.swift */ = {isa = PBXFileReference; fileEncoding = 4; lastKnownFileType = sourcecode.swift; path = MYTableViewCell.swift; sourceTree = "<group>"; };
/* End PBXFileReference section */

/* Begin PBXFrameworksBuildPhase section */
		F7D94B7C19B94EC800538CC7 /* Frameworks */ = {
			isa = PBXFrameworksBuildPhase;
			buildActionMask = 2147483647;
			files = (
			);
			runOnlyForDeploymentPostprocessing = 0;
		};
		F7D94B8E19B94EC800538CC7 /* Frameworks */ = {
			isa = PBXFrameworksBuildPhase;
			buildActionMask = 2147483647;
			files = (
			);
			runOnlyForDeploymentPostprocessing = 0;
		};
/* End PBXFrameworksBuildPhase section */

/* Begin PBXGroup section */
		F7D94B7619B94EC800538CC7 = {
			isa = PBXGroup;
			children = (
				F7D94B8119B94EC800538CC7 /* UITableViewRowActionStudy */,
				F7D94B9419B94EC800538CC7 /* UITableViewRowActionStudyTests */,
				F7D94B8019B94EC800538CC7 /* Products */,
			);
			sourceTree = "<group>";
		};
		F7D94B8019B94EC800538CC7 /* Products */ = {
			isa = PBXGroup;
			children = (
				F7D94B7F19B94EC800538CC7 /* UITableViewRowActionStudy.app */,
				F7D94B9119B94EC800538CC7 /* UITableViewRowActionStudyTests.xctest */,
			);
			name = Products;
			sourceTree = "<group>";
		};
		F7D94B8119B94EC800538CC7 /* UITableViewRowActionStudy */ = {
			isa = PBXGroup;
			children = (
				F7D94B8419B94EC800538CC7 /* AppDelegate.swift */,
				F7D94B8619B94EC800538CC7 /* MYViewController.swift */,
				F7D94BA119B9519F00538CC7 /* MYTableViewCell.swift */,
				F7D94B8819B94EC800538CC7 /* Main.storyboard */,
				F7D94B8B19B94EC800538CC7 /* Images.xcassets */,
				F7D94B8219B94EC800538CC7 /* Supporting Files */,
			);
			path = UITableViewRowActionStudy;
			sourceTree = "<group>";
		};
		F7D94B8219B94EC800538CC7 /* Supporting Files */ = {
			isa = PBXGroup;
			children = (
				F7D94B8319B94EC800538CC7 /* Info.plist */,
			);
			name = "Supporting Files";
			sourceTree = "<group>";
		};
		F7D94B9419B94EC800538CC7 /* UITableViewRowActionStudyTests */ = {
			isa = PBXGroup;
			children = (
				F7D94B9719B94EC800538CC7 /* UITableViewRowActionStudyTests.swift */,
				F7D94B9519B94EC800538CC7 /* Supporting Files */,
			);
			path = UITableViewRowActionStudyTests;
			sourceTree = "<group>";
		};
		F7D94B9519B94EC800538CC7 /* Supporting Files */ = {
			isa = PBXGroup;
			children = (
				F7D94B9619B94EC800538CC7 /* Info.plist */,
			);
			name = "Supporting Files";
			sourceTree = "<group>";
		};
/* End PBXGroup section */

/* Begin PBXNativeTarget section */
		F7D94B7E19B94EC800538CC7 /* UITableViewRowActionStudy */ = {
			isa = PBXNativeTarget;
			buildConfigurationList = F7D94B9B19B94EC800538CC7 /* Build configuration list for PBXNativeTarget "UITableViewRowActionStudy" */;
			buildPhases = (
				F7D94B7B19B94EC800538CC7 /* Sources */,
				F7D94B7C19B94EC800538CC7 /* Frameworks */,
				F7D94B7D19B94EC800538CC7 /* Resources */,
			);
			buildRules = (
			);
			dependencies = (
			);
			name = UITableViewRowActionStudy;
			productName = UITableViewRowActionStudy;
			productReference = F7D94B7F19B94EC800538CC7 /* UITableViewRowActionStudy.app */;
			productType = "com.apple.product-type.application";
		};
		F7D94B9019B94EC800538CC7 /* UITableViewRowActionStudyTests */ = {
			isa = PBXNativeTarget;
			buildConfigurationList = F7D94B9E19B94EC800538CC7 /* Build configuration list for PBXNativeTarget "UITableViewRowActionStudyTests" */;
			buildPhases = (
				F7D94B8D19B94EC800538CC7 /* Sources */,
				F7D94B8E19B94EC800538CC7 /* Frameworks */,
				F7D94B8F19B94EC800538CC7 /* Resources */,
			);
			buildRules = (
			);
			dependencies = (
				F7D94B9319B94EC800538CC7 /* PBXTargetDependency */,
			);
			name = UITableViewRowActionStudyTests;
			productName = UITableViewRowActionStudyTests;
			productReference = F7D94B9119B94EC800538CC7 /* UITableViewRowActionStudyTests.xctest */;
			productType = "com.apple.product-type.bundle.unit-test";
		};
/* End PBXNativeTarget section */

/* Begin PBXProject section */
		F7D94B7719B94EC800538CC7 /* Project object */ = {
			isa = PBXProject;
			attributes = {
				LastUpgradeCheck = 0600;
				ORGANIZATIONNAME = adachi.yuichi;
				TargetAttributes = {
					F7D94B7E19B94EC800538CC7 = {
						CreatedOnToolsVersion = 6.0;
					};
					F7D94B9019B94EC800538CC7 = {
						CreatedOnToolsVersion = 6.0;
						TestTargetID = F7D94B7E19B94EC800538CC7;
					};
				};
			};
			buildConfigurationList = F7D94B7A19B94EC800538CC7 /* Build configuration list for PBXProject "UITableViewRowActionStudy" */;
			compatibilityVersion = "Xcode 3.2";
			developmentRegion = English;
			hasScannedForEncodings = 0;
			knownRegions = (
				en,
				Base,
			);
			mainGroup = F7D94B7619B94EC800538CC7;
			productRefGroup = F7D94B8019B94EC800538CC7 /* Products */;
			projectDirPath = "";
			projectRoot = "";
			targets = (
				F7D94B7E19B94EC800538CC7 /* UITableViewRowActionStudy */,
				F7D94B9019B94EC800538CC7 /* UITableViewRowActionStudyTests */,
			);
		};
/* End PBXProject section */

/* Begin PBXResourcesBuildPhase section */
		F7D94B7D19B94EC800538CC7 /* Resources */ = {
			isa = PBXResourcesBuildPhase;
			buildActionMask = 2147483647;
			files = (
				F7D94B8A19B94EC800538CC7 /* Main.storyboard in Resources */,
				F7D94B8C19B94EC800538CC7 /* Images.xcassets in Resources */,
			);
			runOnlyForDeploymentPostprocessing = 0;
		};
		F7D94B8F19B94EC800538CC7 /* Resources */ = {
			isa = PBXResourcesBuildPhase;
			buildActionMask = 2147483647;
			files = (
			);
			runOnlyForDeploymentPostprocessing = 0;
		};
/* End PBXResourcesBuildPhase section */

/* Begin PBXSourcesBuildPhase section */
		F7D94B7B19B94EC800538CC7 /* Sources */ = {
			isa = PBXSourcesBuildPhase;
			buildActionMask = 2147483647;
			files = (
				F7D94B8719B94EC800538CC7 /* MYViewController.swift in Sources */,
				F7D94BA219B9519F00538CC7 /* MYTableViewCell.swift in Sources */,
				F7D94B8519B94EC800538CC7 /* AppDelegate.swift in Sources */,
			);
			runOnlyForDeploymentPostprocessing = 0;
		};
		F7D94B8D19B94EC800538CC7 /* Sources */ = {
			isa = PBXSourcesBuildPhase;
			buildActionMask = 2147483647;
			files = (
				F7D94B9819B94EC800538CC7 /* UITableViewRowActionStudyTests.swift in Sources */,
			);
			runOnlyForDeploymentPostprocessing = 0;
		};
/* End PBXSourcesBuildPhase section */

/* Begin PBXTargetDependency section */
		F7D94B9319B94EC800538CC7 /* PBXTargetDependency */ = {
			isa = PBXTargetDependency;
			target = F7D94B7E19B94EC800538CC7 /* UITableViewRowActionStudy */;
			targetProxy = F7D94B9219B94EC800538CC7 /* PBXContainerItemProxy */;
		};
/* End PBXTargetDependency section */

/* Begin PBXVariantGroup section */
		F7D94B8819B94EC800538CC7 /* Main.storyboard */ = {
			isa = PBXVariantGroup;
			children = (
				F7D94B8919B94EC800538CC7 /* Base */,
			);
			name = Main.storyboard;
			sourceTree = "<group>";
		};
/* End PBXVariantGroup section */

/* Begin XCBuildConfiguration section */
		F7D94B9919B94EC800538CC7 /* Debug */ = {
			isa = XCBuildConfiguration;
			buildSettings = {
				ALWAYS_SEARCH_USER_PATHS = NO;
				CLANG_CXX_LANGUAGE_STANDARD = "gnu++0x";
				CLANG_CXX_LIBRARY = "libc++";
				CLANG_ENABLE_MODULES = YES;
				CLANG_ENABLE_OBJC_ARC = YES;
				CLANG_WARN_BOOL_CONVERSION = YES;
				CLANG_WARN_CONSTANT_CONVERSION = YES;
				CLANG_WARN_DIRECT_OBJC_ISA_USAGE = YES_ERROR;
				CLANG_WARN_EMPTY_BODY = YES;
				CLANG_WARN_ENUM_CONVERSION = YES;
				CLANG_WARN_INT_CONVERSION = YES;
				CLANG_WARN_OBJC_ROOT_CLASS = YES_ERROR;
				CLANG_WARN_UNREACHABLE_CODE = YES;
				CLANG_WARN__DUPLICATE_METHOD_MATCH = YES;
				"CODE_SIGN_IDENTITY[sdk=iphoneos*]" = "iPhone Developer";
				COPY_PHASE_STRIP = NO;
				ENABLE_STRICT_OBJC_MSGSEND = YES;
				GCC_C_LANGUAGE_STANDARD = gnu99;
				GCC_DYNAMIC_NO_PIC = NO;
				GCC_OPTIMIZATION_LEVEL = 0;
				GCC_PREPROCESSOR_DEFINITIONS = (
					"DEBUG=1",
					"$(inherited)",
				);
				GCC_SYMBOLS_PRIVATE_EXTERN = NO;
				GCC_WARN_64_TO_32_BIT_CONVERSION = YES;
				GCC_WARN_ABOUT_RETURN_TYPE = YES_ERROR;
				GCC_WARN_UNDECLARED_SELECTOR = YES;
				GCC_WARN_UNINITIALIZED_AUTOS = YES_AGGRESSIVE;
				GCC_WARN_UNUSED_FUNCTION = YES;
				GCC_WARN_UNUSED_VARIABLE = YES;
				IPHONEOS_DEPLOYMENT_TARGET = 8.0;
				MTL_ENABLE_DEBUG_INFO = YES;
				ONLY_ACTIVE_ARCH = YES;
				SDKROOT = iphoneos;
				SWIFT_OPTIMIZATION_LEVEL = "-Onone";
			};
			name = Debug;
		};
		F7D94B9A19B94EC800538CC7 /* Release */ = {
			isa = XCBuildConfiguration;
			buildSettings = {
				ALWAYS_SEARCH_USER_PATHS = NO;
				CLANG_CXX_LANGUAGE_STANDARD = "gnu++0x";
				CLANG_CXX_LIBRARY = "libc++";
				CLANG_ENABLE_MODULES = YES;
				CLANG_ENABLE_OBJC_ARC = YES;
				CLANG_WARN_BOOL_CONVERSION = YES;
				CLANG_WARN_CONSTANT_CONVERSION = YES;
				CLANG_WARN_DIRECT_OBJC_ISA_USAGE = YES_ERROR;
				CLANG_WARN_EMPTY_BODY = YES;
				CLANG_WARN_ENUM_CONVERSION = YES;
				CLANG_WARN_INT_CONVERSION = YES;
				CLANG_WARN_OBJC_ROOT_CLASS = YES_ERROR;
				CLANG_WARN_UNREACHABLE_CODE = YES;
				CLANG_WARN__DUPLICATE_METHOD_MATCH = YES;
				"CODE_SIGN_IDENTITY[sdk=iphoneos*]" = "iPhone Developer";
				COPY_PHASE_STRIP = YES;
				ENABLE_NS_ASSERTIONS = NO;
				ENABLE_STRICT_OBJC_MSGSEND = YES;
				GCC_C_LANGUAGE_STANDARD = gnu99;
				GCC_WARN_64_TO_32_BIT_CONVERSION = YES;
				GCC_WARN_ABOUT_RETURN_TYPE = YES_ERROR;
				GCC_WARN_UNDECLARED_SELECTOR = YES;
				GCC_WARN_UNINITIALIZED_AUTOS = YES_AGGRESSIVE;
				GCC_WARN_UNUSED_FUNCTION = YES;
				GCC_WARN_UNUSED_VARIABLE = YES;
				IPHONEOS_DEPLOYMENT_TARGET = 8.0;
				MTL_ENABLE_DEBUG_INFO = NO;
				SDKROOT = iphoneos;
				VALIDATE_PRODUCT = YES;
			};
			name = Release;
		};
		F7D94B9C19B94EC800538CC7 /* Debug */ = {
			isa = XCBuildConfiguration;
			buildSettings = {
				ASSETCATALOG_COMPILER_APPICON_NAME = AppIcon;
				ASSETCATALOG_COMPILER_LAUNCHIMAGE_NAME = LaunchImage;
				INFOPLIST_FILE = UITableViewRowActionStudy/Info.plist;
				LD_RUNPATH_SEARCH_PATHS = "$(inherited) @executable_path/Frameworks";
				PRODUCT_NAME = "$(TARGET_NAME)";
			};
			name = Debug;
		};
		F7D94B9D19B94EC800538CC7 /* Release */ = {
			isa = XCBuildConfiguration;
			buildSettings = {
				ASSETCATALOG_COMPILER_APPICON_NAME = AppIcon;
				ASSETCATALOG_COMPILER_LAUNCHIMAGE_NAME = LaunchImage;
				INFOPLIST_FILE = UITableViewRowActionStudy/Info.plist;
				LD_RUNPATH_SEARCH_PATHS = "$(inherited) @executable_path/Frameworks";
				PRODUCT_NAME = "$(TARGET_NAME)";
			};
			name = Release;
		};
		F7D94B9F19B94EC800538CC7 /* Debug */ = {
			isa = XCBuildConfiguration;
			buildSettings = {
				BUNDLE_LOADER = "$(TEST_HOST)";
				FRAMEWORK_SEARCH_PATHS = (
					"$(SDKROOT)/Developer/Library/Frameworks",
					"$(inherited)",
				);
				GCC_PREPROCESSOR_DEFINITIONS = (
					"DEBUG=1",
					"$(inherited)",
				);
				INFOPLIST_FILE = UITableViewRowActionStudyTests/Info.plist;
				LD_RUNPATH_SEARCH_PATHS = "$(inherited) @executable_path/Frameworks @loader_path/Frameworks";
				PRODUCT_NAME = "$(TARGET_NAME)";
				TEST_HOST = "$(BUILT_PRODUCTS_DIR)/UITableViewRowActionStudy.app/UITableViewRowActionStudy";
			};
			name = Debug;
		};
		F7D94BA019B94EC800538CC7 /* Release */ = {
			isa = XCBuildConfiguration;
			buildSettings = {
				BUNDLE_LOADER = "$(TEST_HOST)";
				FRAMEWORK_SEARCH_PATHS = (
					"$(SDKROOT)/Developer/Library/Frameworks",
					"$(inherited)",
				);
				INFOPLIST_FILE = UITableViewRowActionStudyTests/Info.plist;
				LD_RUNPATH_SEARCH_PATHS = "$(inherited) @executable_path/Frameworks @loader_path/Frameworks";
				PRODUCT_NAME = "$(TARGET_NAME)";
				TEST_HOST = "$(BUILT_PRODUCTS_DIR)/UITableViewRowActionStudy.app/UITableViewRowActionStudy";
			};
			name = Release;
		};
/* End XCBuildConfiguration section */

/* Begin XCConfigurationList section */
		F7D94B7A19B94EC800538CC7 /* Build configuration list for PBXProject "UITableViewRowActionStudy" */ = {
			isa = XCConfigurationList;
			buildConfigurations = (
				F7D94B9919B94EC800538CC7 /* Debug */,
				F7D94B9A19B94EC800538CC7 /* Release */,
			);
			defaultConfigurationIsVisible = 0;
			defaultConfigurationName = Release;
		};
		F7D94B9B19B94EC800538CC7 /* Build configuration list for PBXNativeTarget "UITableViewRowActionStudy" */ = {
			isa = XCConfigurationList;
			buildConfigurations = (
				F7D94B9C19B94EC800538CC7 /* Debug */,
				F7D94B9D19B94EC800538CC7 /* Release */,
			);
			defaultConfigurationIsVisible = 0;
			defaultConfigurationName = Release;
		};
		F7D94B9E19B94EC800538CC7 /* Build configuration list for PBXNativeTarget "UITableViewRowActionStudyTests" */ = {
			isa = XCConfigurationList;
			buildConfigurations = (
				F7D94B9F19B94EC800538CC7 /* Debug */,
				F7D94BA019B94EC800538CC7 /* Release */,
			);
			defaultConfigurationIsVisible = 0;
			defaultConfigurationName = Release;
		};
/* End XCConfigurationList section */
	};
	rootObject = F7D94B7719B94EC800538CC7 /* Project object */;
}
